
Microsoft Visual Studio Solution File, Format Version 12.00
# Visual Studio Version 17
VisualStudioVersion = 17.6.33829.357
MinimumVisualStudioVersion = 10.0.40219.1
Project("{FAE04EC0-301F-11D3-BF4B-00C04F79EFBC}") = "Proyecto C# Básico", "Proyecto C# Básico\Proyecto C# Básico.csproj", "{EACC65D8-6D48-4BAB-BA0C-4CCFF397F95F}"
EndProject
Global
	GlobalSection(SolutionConfigurationPlatforms) = preSolution
		Debug|Any CPU = Debug|Any CPU
		Release|Any CPU = Release|Any CPU
	EndGlobalSection
	GlobalSection(ProjectConfigurationPlatforms) = postSolution
		{EACC65D8-6D48-4BAB-BA0C-4CCFF397F95F}.Debug|Any CPU.ActiveCfg = Debug|Any CPU
		{EACC65D8-6D48-4BAB-BA0C-4CCFF397F95F}.Debug|Any CPU.Build.0 = Debug|Any CPU
		{EACC65D8-6D48-4BAB-BA0C-4CCFF397F95F}.Release|Any CPU.ActiveCfg = Release|Any CPU
		{EACC65D8-6D48-4BAB-BA0C-4CCFF397F95F}.Release|Any CPU.Build.0 = Release|Any CPU
	EndGlobalSection
	GlobalSection(SolutionProperties) = preSolution
		HideSolutionNode = FALSE
	EndGlobalSection
	GlobalSection(ExtensibilityGlobals) = postSolution
		SolutionGuid = {4C115CE4-0261-4544-852C-CB9BEE382052}
	EndGlobalSection
EndGlobal
